<?xml version="1.0" encoding="utf-8"?>
<Project ToolsVersion="4.0" xmlns="http://schemas.microsoft.com/developer/msbuild/2003">
  <ItemGroup>
    <Filter Include="Source Files">
      <UniqueIdentifier>{4FC737F1-C7A5-4376-A066-2A32D752A2FF}</UniqueIdentifier>
      <Extensions>cpp;c;cc;cxx;def;odl;idl;hpj;bat;asm;asmx</Extensions>
    </Filter>
    <Filter Include="Header Files">
      <UniqueIdentifier>{93995380-89BD-4b04-88EB-625FBE52EBFB}</UniqueIdentifier>
      <Extensions>h;hh;hpp;hxx;hm;inl;inc;xsd</Extensions>
    </Filter>
    <Filter Include="Resource Files">
      <UniqueIdentifier>{67DA6AB6-F800-4c08-8B7A-83BB121AAD01}</UniqueIdentifier>
      <Extensions>rc;ico;cur;bmp;dlg;rc2;rct;bin;rgs;gif;jpg;jpeg;jpe;resx;tiff;tif;png;wav;mfcribbon-ms</Extensions>
    </Filter>
    <Filter Include="Source Files\Core">
      <UniqueIdentifier>{a74c5331-8e25-4d10-9afb-40252eef0bde}</UniqueIdentifier>
    </Filter>
    <Filter Include="Source Files\Graphics">
      <UniqueIdentifier>{07ac2f8c-3657-4984-b6f7-e96e69b0c322}</UniqueIdentifier>
    </Filter>
    <Filter Include="Source Files\Main">
      <UniqueIdentifier>{c12dd5a6-a4f6-4203-b028-ec026acba5dc}</UniqueIdentifier>
    </Filter>
    <Filter Include="Source Files\Example">
      <UniqueIdentifier>{6254e52a-6228-4206-8fef-9a73e2019db6}</UniqueIdentifier>
    </Filter>
    <Filter Include="Source Files\Input">
      <UniqueIdentifier>{0cd60549-af7b-4840-9a99-76295760a75c}</UniqueIdentifier>
    </Filter>
    <Filter Include="Source Files\Sound">
      <UniqueIdentifier>{82ace6a2-f182-496c-9ed9-3b136f3fe240}</UniqueIdentifier>
    </Filter>
    <Filter Include="Source Files\Times">
      <UniqueIdentifier>{8be8f73f-26cf-42c3-a206-6285b3e9fa3b}</UniqueIdentifier>
    </Filter>
    <Filter Include="Source Files\View">
      <UniqueIdentifier>{0944cbd1-8f21-4ee8-98da-f886c6ee1fe1}</UniqueIdentifier>
    </Filter>
    <Filter Include="Source Files\State">
      <UniqueIdentifier>{c2235ea1-182f-48d8-9a63-9989fee97e5b}</UniqueIdentifier>
    </Filter>
    <Filter Include="Source Files\Animation">
      <UniqueIdentifier>{04428e75-aed1-481e-9633-ca2f09c97130}</UniqueIdentifier>
    </Filter>
  </ItemGroup>
  <ItemGroup>
    <ClInclude Include="CConstants.h">
      <Filter>Source Files\Core</Filter>
    </ClInclude>
    <ClInclude Include="CDevice.h">
      <Filter>Source Files\Core</Filter>
    </ClInclude>
    <ClInclude Include="CDirectx.h">
      <Filter>Source Files\Graphics</Filter>
    </ClInclude>
    <ClInclude Include="CExample.h">
      <Filter>Source Files\Example</Filter>
    </ClInclude>
    <ClInclude Include="CGame.h">
      <Filter>Source Files\Core</Filter>
    </ClInclude>
    <ClInclude Include="CGameError.h">
      <Filter>Source Files\Core</Filter>
    </ClInclude>
    <ClInclude Include="CGraphics.h">
      <Filter>Source Files\Graphics</Filter>
    </ClInclude>
    <ClInclude Include="CInput.h">
      <Filter>Source Files\Input</Filter>
    </ClInclude>
    <ClInclude Include="Config.h">
      <Filter>Source Files\Core</Filter>
    </ClInclude>
    <ClInclude Include="CSingleton.h">
      <Filter>Source Files\Core</Filter>
    </ClInclude>
    <ClInclude Include="Header.h">
      <Filter>Source Files\Core</Filter>
    </ClInclude>
    <ClInclude Include="Macros.h">
      <Filter>Source Files\Core</Filter>
    </ClInclude>
    <ClInclude Include="SGameConfig.h">
      <Filter>Source Files\Core</Filter>
    </ClInclude>
    <ClInclude Include="CFpscontroller.h">
      <Filter>Source Files\Times</Filter>
    </ClInclude>
    <ClInclude Include="CStateLogo.h">
      <Filter>Source Files\State</Filter>
    </ClInclude>
    <ClInclude Include="CVSView.h">
      <Filter>Source Files\View</Filter>
    </ClInclude>
    <ClInclude Include="CViewController.h">
      <Filter>Source Files\View</Filter>
    </ClInclude>
    <ClInclude Include="CStateManagement.h">
      <Filter>Source Files\State</Filter>
    </ClInclude>
    <ClInclude Include="CSurface.h">
      <Filter>Source Files\Animation</Filter>
    </ClInclude>
    <ClInclude Include="CState.h">
      <Filter>Source Files\State</Filter>
    </ClInclude>
    <ClInclude Include="CStatePoster.h">
      <Filter>Source Files\State</Filter>
    </ClInclude>
    <ClInclude Include="resource.h">
      <Filter>Header Files</Filter>
    </ClInclude>
    <ClInclude Include="CSprite.h">
      <Filter>Source Files\Animation</Filter>
    </ClInclude>
    <ClInclude Include="CTexture.h">
      <Filter>Source Files\Animation</Filter>
    </ClInclude>
  </ItemGroup>
  <ItemGroup>
    <ClCompile Include="CDevice.cpp">
      <Filter>Source Files\Core</Filter>
    </ClCompile>
    <ClCompile Include="CDirectx.cpp">
      <Filter>Source Files\Graphics</Filter>
    </ClCompile>
    <ClCompile Include="CExample.cpp">
      <Filter>Source Files\Example</Filter>
    </ClCompile>
    <ClCompile Include="CGame.cpp">
      <Filter>Source Files\Core</Filter>
    </ClCompile>
    <ClCompile Include="CGraphics.cpp">
      <Filter>Source Files\Graphics</Filter>
    </ClCompile>
    <ClCompile Include="CInput.cpp">
      <Filter>Source Files\Input</Filter>
    </ClCompile>
    <ClCompile Include="CMain.cpp">
      <Filter>Source Files\Main</Filter>
    </ClCompile>
    <ClCompile Include="Source.cpp">
      <Filter>Source Files\Core</Filter>
    </ClCompile>
    <ClCompile Include="CFpscontroller.cpp">
      <Filter>Source Files\Times</Filter>
    </ClCompile>
    <ClCompile Include="CStateLogo.cpp">
      <Filter>Source Files\State</Filter>
    </ClCompile>
    <ClCompile Include="CVSView.cpp">
      <Filter>Source Files\View</Filter>
    </ClCompile>
    <ClCompile Include="CStateManagement.cpp">
      <Filter>Source Files\State</Filter>
    </ClCompile>
    <ClCompile Include="CStatePoster.cpp">
      <Filter>Source Files\State</Filter>
    </ClCompile>
    <ClCompile Include="CSurface.cpp">
      <Filter>Source Files\Animation</Filter>
    </ClCompile>
    <ClCompile Include="CSprite.cpp">
      <Filter>Source Files\Animation</Filter>
    </ClCompile>
    <ClCompile Include="CTexture.cpp">
      <Filter>Source Files\Animation</Filter>
    </ClCompile>
  </ItemGroup>
</Project>